
Microsoft Visual Studio Solution File, Format Version 12.00
# Visual Studio Version 17
VisualStudioVersion = 17.2.32519.379
MinimumVisualStudioVersion = 10.0.40219.1
Project("{9A19103F-16F7-4668-BE54-9A1E7A4F7556}") = "Tests", "Tests\Tests.csproj", "{B9C8CFB0-8399-4DF1-A20E-38FF46AA5304}"
EndProject
Project("{9A19103F-16F7-4668-BE54-9A1E7A4F7556}") = "GeneratorA", "FirstGenerator\GeneratorA.csproj", "{DCE83FF5-1A91-4881-8AA1-00181017D906}"
EndProject
Project("{9A19103F-16F7-4668-BE54-9A1E7A4F7556}") = "GeneratorB", "SecondGenerator\GeneratorB.csproj", "{28127EF7-A8CC-4909-A6ED-7EAE86D39F1E}"
EndProject
Global
	GlobalSection(SolutionConfigurationPlatforms) = preSolution
		Debug|Any CPU = Debug|Any CPU
		Release|Any CPU = Release|Any CPU
	EndGlobalSection
	GlobalSection(ProjectConfigurationPlatforms) = postSolution
		{B9C8CFB0-8399-4DF1-A20E-38FF46AA5304}.Debug|Any CPU.ActiveCfg = Debug|Any CPU
		{B9C8CFB0-8399-4DF1-A20E-38FF46AA5304}.Debug|Any CPU.Build.0 = Debug|Any CPU
		{B9C8CFB0-8399-4DF1-A20E-38FF46AA5304}.Release|Any CPU.ActiveCfg = Release|Any CPU
		{B9C8CFB0-8399-4DF1-A20E-38FF46AA5304}.Release|Any CPU.Build.0 = Release|Any CPU
		{DCE83FF5-1A91-4881-8AA1-00181017D906}.Debug|Any CPU.ActiveCfg = Debug|Any CPU
		{DCE83FF5-1A91-4881-8AA1-00181017D906}.Debug|Any CPU.Build.0 = Debug|Any CPU
		{DCE83FF5-1A91-4881-8AA1-00181017D906}.Release|Any CPU.ActiveCfg = Release|Any CPU
		{DCE83FF5-1A91-4881-8AA1-00181017D906}.Release|Any CPU.Build.0 = Release|Any CPU
		{28127EF7-A8CC-4909-A6ED-7EAE86D39F1E}.Debug|Any CPU.ActiveCfg = Debug|Any CPU
		{28127EF7-A8CC-4909-A6ED-7EAE86D39F1E}.Debug|Any CPU.Build.0 = Debug|Any CPU
		{28127EF7-A8CC-4909-A6ED-7EAE86D39F1E}.Release|Any CPU.ActiveCfg = Release|Any CPU
		{28127EF7-A8CC-4909-A6ED-7EAE86D39F1E}.Release|Any CPU.Build.0 = Release|Any CPU
	EndGlobalSection
	GlobalSection(SolutionProperties) = preSolution
		HideSolutionNode = FALSE
	EndGlobalSection
	GlobalSection(ExtensibilityGlobals) = postSolution
		SolutionGuid = {22C6C052-E66F-469D-8076-05EE6F0DB4CD}
	EndGlobalSection
EndGlobal
